
Microsoft Visual Studio Solution File, Format Version 12.00
# Visual Studio Version 16
VisualStudioVersion = 16.0.30523.141
MinimumVisualStudioVersion = 10.0.40219.1
Project("{9A19103F-16F7-4668-BE54-9A1E7A4F7556}") = "CS.Net", "CS.Net\CS.Net.csproj", "{49BC7D87-A2DD-4948-B2B2-D55579C2810E}"
EndProject
Project("{9A19103F-16F7-4668-BE54-9A1E7A4F7556}") = "CS.Net.Tests", "CS.Net.Tests\CS.Net.Tests.csproj", "{EF47566D-CD89-45A7-94EE-273B79DBDDEB}"
EndProject
Project("{FAE04EC0-301F-11D3-BF4B-00C04F79EFBC}") = "CS.Net.Sample", "CS.Net.Sample\CS.Net.Sample.csproj", "{D40DA01D-3CF7-4E31-B3B8-4A53F1A6AB2A}"
EndProject
Global
	GlobalSection(SolutionConfigurationPlatforms) = preSolution
		Debug|Any CPU = Debug|Any CPU
		Release|Any CPU = Release|Any CPU
	EndGlobalSection
	GlobalSection(ProjectConfigurationPlatforms) = postSolution
		{49BC7D87-A2DD-4948-B2B2-D55579C2810E}.Debug|Any CPU.ActiveCfg = Debug|Any CPU
		{49BC7D87-A2DD-4948-B2B2-D55579C2810E}.Debug|Any CPU.Build.0 = Debug|Any CPU
		{49BC7D87-A2DD-4948-B2B2-D55579C2810E}.Release|Any CPU.ActiveCfg = Release|Any CPU
		{49BC7D87-A2DD-4948-B2B2-D55579C2810E}.Release|Any CPU.Build.0 = Release|Any CPU
		{EF47566D-CD89-45A7-94EE-273B79DBDDEB}.Debug|Any CPU.ActiveCfg = Debug|Any CPU
		{EF47566D-CD89-45A7-94EE-273B79DBDDEB}.Debug|Any CPU.Build.0 = Debug|Any CPU
		{EF47566D-CD89-45A7-94EE-273B79DBDDEB}.Release|Any CPU.ActiveCfg = Release|Any CPU
		{EF47566D-CD89-45A7-94EE-273B79DBDDEB}.Release|Any CPU.Build.0 = Release|Any CPU
		{D40DA01D-3CF7-4E31-B3B8-4A53F1A6AB2A}.Debug|Any CPU.ActiveCfg = Debug|Any CPU
		{D40DA01D-3CF7-4E31-B3B8-4A53F1A6AB2A}.Debug|Any CPU.Build.0 = Debug|Any CPU
		{D40DA01D-3CF7-4E31-B3B8-4A53F1A6AB2A}.Release|Any CPU.ActiveCfg = Release|Any CPU
		{D40DA01D-3CF7-4E31-B3B8-4A53F1A6AB2A}.Release|Any CPU.Build.0 = Release|Any CPU
	EndGlobalSection
	GlobalSection(SolutionProperties) = preSolution
		HideSolutionNode = FALSE
	EndGlobalSection
	GlobalSection(ExtensibilityGlobals) = postSolution
		SolutionGuid = {E088BEE8-301E-43B1-AD2D-945147D14D31}
	EndGlobalSection
EndGlobal
